
Microsoft Visual Studio Solution File, Format Version 11.00
# Visual Studio 2010
Project("{888888A0-9F3D-457C-B088-3A5042F75D52}") = "Classifiers", "Classifiers.pyproj", "{301DDDC6-EC37-4296-92D9-9A2255FE6320}"
EndProject
Global
	GlobalSection(SolutionConfigurationPlatforms) = preSolution
		Debug|Any CPU = Debug|Any CPU
		Release|Any CPU = Release|Any CPU
	EndGlobalSection
	GlobalSection(ProjectConfigurationPlatforms) = postSolution
		{301DDDC6-EC37-4296-92D9-9A2255FE6320}.Debug|Any CPU.ActiveCfg = Debug|Any CPU
		{301DDDC6-EC37-4296-92D9-9A2255FE6320}.Release|Any CPU.ActiveCfg = Release|Any CPU
	EndGlobalSection
	GlobalSection(SolutionProperties) = preSolution
		HideSolutionNode = FALSE
	EndGlobalSection
EndGlobal
